
Microsoft Visual Studio Solution File, Format Version 12.00
# Visual Studio Version 17
VisualStudioVersion = 17.0.31903.59
MinimumVisualStudioVersion = 10.0.40219.1
Project("{2150E333-8FDC-42A3-9474-1A3956D46DE8}") = "src", "src", "{827E0CD3-B72D-47B6-A68D-7590B98EB39B}"
EndProject
Project("{FAE04EC0-301F-11D3-BF4B-00C04F79EFBC}") = "Listo.Notification.Domain", "Listo.Notification.Domain\Listo.Notification.Domain.csproj", "{843071E5-5DA9-47CB-B408-31242773F2DD}"
EndProject
Project("{FAE04EC0-301F-11D3-BF4B-00C04F79EFBC}") = "Listo.Notification.Application", "Listo.Notification.Application\Listo.Notification.Application.csproj", "{18AE08FC-D0E9-45F0-AAD7-01F88629CBEA}"
EndProject
Project("{FAE04EC0-301F-11D3-BF4B-00C04F79EFBC}") = "Listo.Notification.Infrastructure", "Listo.Notification.Infrastructure\Listo.Notification.Infrastructure.csproj", "{C76E4B9E-2126-40C1-B204-C00102FC6BCB}"
EndProject
Project("{FAE04EC0-301F-11D3-BF4B-00C04F79EFBC}") = "Listo.Notification.API", "Listo.Notification.API\Listo.Notification.API.csproj", "{1AF09A70-CACE-4F16-BD4A-0E3CB5EEE604}"
EndProject
Project("{FAE04EC0-301F-11D3-BF4B-00C04F79EFBC}") = "Listo.Notification.Functions", "Listo.Notification.Functions\Listo.Notification.Functions.csproj", "{DCB2A460-E4B7-4EE9-8623-D6729C73F26C}"
EndProject
Global
	GlobalSection(SolutionConfigurationPlatforms) = preSolution
		Debug|Any CPU = Debug|Any CPU
		Debug|x64 = Debug|x64
		Debug|x86 = Debug|x86
		Release|Any CPU = Release|Any CPU
		Release|x64 = Release|x64
		Release|x86 = Release|x86
	EndGlobalSection
	GlobalSection(ProjectConfigurationPlatforms) = postSolution
		{843071E5-5DA9-47CB-B408-31242773F2DD}.Debug|Any CPU.ActiveCfg = Debug|Any CPU
		{843071E5-5DA9-47CB-B408-31242773F2DD}.Debug|Any CPU.Build.0 = Debug|Any CPU
		{843071E5-5DA9-47CB-B408-31242773F2DD}.Debug|x64.ActiveCfg = Debug|Any CPU
		{843071E5-5DA9-47CB-B408-31242773F2DD}.Debug|x64.Build.0 = Debug|Any CPU
		{843071E5-5DA9-47CB-B408-31242773F2DD}.Debug|x86.ActiveCfg = Debug|Any CPU
		{843071E5-5DA9-47CB-B408-31242773F2DD}.Debug|x86.Build.0 = Debug|Any CPU
		{843071E5-5DA9-47CB-B408-31242773F2DD}.Release|Any CPU.ActiveCfg = Release|Any CPU
		{843071E5-5DA9-47CB-B408-31242773F2DD}.Release|Any CPU.Build.0 = Release|Any CPU
		{843071E5-5DA9-47CB-B408-31242773F2DD}.Release|x64.ActiveCfg = Release|Any CPU
		{843071E5-5DA9-47CB-B408-31242773F2DD}.Release|x64.Build.0 = Release|Any CPU
		{843071E5-5DA9-47CB-B408-31242773F2DD}.Release|x86.ActiveCfg = Release|Any CPU
		{843071E5-5DA9-47CB-B408-31242773F2DD}.Release|x86.Build.0 = Release|Any CPU
		{18AE08FC-D0E9-45F0-AAD7-01F88629CBEA}.Debug|Any CPU.ActiveCfg = Debug|Any CPU
		{18AE08FC-D0E9-45F0-AAD7-01F88629CBEA}.Debug|Any CPU.Build.0 = Debug|Any CPU
		{18AE08FC-D0E9-45F0-AAD7-01F88629CBEA}.Debug|x64.ActiveCfg = Debug|Any CPU
		{18AE08FC-D0E9-45F0-AAD7-01F88629CBEA}.Debug|x64.Build.0 = Debug|Any CPU
		{18AE08FC-D0E9-45F0-AAD7-01F88629CBEA}.Debug|x86.ActiveCfg = Debug|Any CPU
		{18AE08FC-D0E9-45F0-AAD7-01F88629CBEA}.Debug|x86.Build.0 = Debug|Any CPU
		{18AE08FC-D0E9-45F0-AAD7-01F88629CBEA}.Release|Any CPU.ActiveCfg = Release|Any CPU
		{18AE08FC-D0E9-45F0-AAD7-01F88629CBEA}.Release|Any CPU.Build.0 = Release|Any CPU
		{18AE08FC-D0E9-45F0-AAD7-01F88629CBEA}.Release|x64.ActiveCfg = Release|Any CPU
		{18AE08FC-D0E9-45F0-AAD7-01F88629CBEA}.Release|x64.Build.0 = Release|Any CPU
		{18AE08FC-D0E9-45F0-AAD7-01F88629CBEA}.Release|x86.ActiveCfg = Release|Any CPU
		{18AE08FC-D0E9-45F0-AAD7-01F88629CBEA}.Release|x86.Build.0 = Release|Any CPU
		{C76E4B9E-2126-40C1-B204-C00102FC6BCB}.Debug|Any CPU.ActiveCfg = Debug|Any CPU
		{C76E4B9E-2126-40C1-B204-C00102FC6BCB}.Debug|Any CPU.Build.0 = Debug|Any CPU
		{C76E4B9E-2126-40C1-B204-C00102FC6BCB}.Debug|x64.ActiveCfg = Debug|Any CPU
		{C76E4B9E-2126-40C1-B204-C00102FC6BCB}.Debug|x64.Build.0 = Debug|Any CPU
		{C76E4B9E-2126-40C1-B204-C00102FC6BCB}.Debug|x86.ActiveCfg = Debug|Any CPU
		{C76E4B9E-2126-40C1-B204-C00102FC6BCB}.Debug|x86.Build.0 = Debug|Any CPU
		{C76E4B9E-2126-40C1-B204-C00102FC6BCB}.Release|Any CPU.ActiveCfg = Release|Any CPU
		{C76E4B9E-2126-40C1-B204-C00102FC6BCB}.Release|Any CPU.Build.0 = Release|Any CPU
		{C76E4B9E-2126-40C1-B204-C00102FC6BCB}.Release|x64.ActiveCfg = Release|Any CPU
		{C76E4B9E-2126-40C1-B204-C00102FC6BCB}.Release|x64.Build.0 = Release|Any CPU
		{C76E4B9E-2126-40C1-B204-C00102FC6BCB}.Release|x86.ActiveCfg = Release|Any CPU
		{C76E4B9E-2126-40C1-B204-C00102FC6BCB}.Release|x86.Build.0 = Release|Any CPU
		{1AF09A70-CACE-4F16-BD4A-0E3CB5EEE604}.Debug|Any CPU.ActiveCfg = Debug|Any CPU
		{1AF09A70-CACE-4F16-BD4A-0E3CB5EEE604}.Debug|Any CPU.Build.0 = Debug|Any CPU
		{1AF09A70-CACE-4F16-BD4A-0E3CB5EEE604}.Debug|x64.ActiveCfg = Debug|Any CPU
		{1AF09A70-CACE-4F16-BD4A-0E3CB5EEE604}.Debug|x64.Build.0 = Debug|Any CPU
		{1AF09A70-CACE-4F16-BD4A-0E3CB5EEE604}.Debug|x86.ActiveCfg = Debug|Any CPU
		{1AF09A70-CACE-4F16-BD4A-0E3CB5EEE604}.Debug|x86.Build.0 = Debug|Any CPU
		{1AF09A70-CACE-4F16-BD4A-0E3CB5EEE604}.Release|Any CPU.ActiveCfg = Release|Any CPU
		{1AF09A70-CACE-4F16-BD4A-0E3CB5EEE604}.Release|Any CPU.Build.0 = Release|Any CPU
		{1AF09A70-CACE-4F16-BD4A-0E3CB5EEE604}.Release|x64.ActiveCfg = Release|Any CPU
		{1AF09A70-CACE-4F16-BD4A-0E3CB5EEE604}.Release|x64.Build.0 = Release|Any CPU
		{1AF09A70-CACE-4F16-BD4A-0E3CB5EEE604}.Release|x86.ActiveCfg = Release|Any CPU
		{1AF09A70-CACE-4F16-BD4A-0E3CB5EEE604}.Release|x86.Build.0 = Release|Any CPU
		{DCB2A460-E4B7-4EE9-8623-D6729C73F26C}.Debug|Any CPU.ActiveCfg = Debug|Any CPU
		{DCB2A460-E4B7-4EE9-8623-D6729C73F26C}.Debug|Any CPU.Build.0 = Debug|Any CPU
		{DCB2A460-E4B7-4EE9-8623-D6729C73F26C}.Debug|x64.ActiveCfg = Debug|Any CPU
		{DCB2A460-E4B7-4EE9-8623-D6729C73F26C}.Debug|x64.Build.0 = Debug|Any CPU
		{DCB2A460-E4B7-4EE9-8623-D6729C73F26C}.Debug|x86.ActiveCfg = Debug|Any CPU
		{DCB2A460-E4B7-4EE9-8623-D6729C73F26C}.Debug|x86.Build.0 = Debug|Any CPU
		{DCB2A460-E4B7-4EE9-8623-D6729C73F26C}.Release|Any CPU.ActiveCfg = Release|Any CPU
		{DCB2A460-E4B7-4EE9-8623-D6729C73F26C}.Release|Any CPU.Build.0 = Release|Any CPU
		{DCB2A460-E4B7-4EE9-8623-D6729C73F26C}.Release|x64.ActiveCfg = Release|Any CPU
		{DCB2A460-E4B7-4EE9-8623-D6729C73F26C}.Release|x64.Build.0 = Release|Any CPU
		{DCB2A460-E4B7-4EE9-8623-D6729C73F26C}.Release|x86.ActiveCfg = Release|Any CPU
		{DCB2A460-E4B7-4EE9-8623-D6729C73F26C}.Release|x86.Build.0 = Release|Any CPU
	EndGlobalSection
	GlobalSection(SolutionProperties) = preSolution
		HideSolutionNode = FALSE
	EndGlobalSection
	GlobalSection(NestedProjects) = preSolution
		{843071E5-5DA9-47CB-B408-31242773F2DD} = {827E0CD3-B72D-47B6-A68D-7590B98EB39B}
		{18AE08FC-D0E9-45F0-AAD7-01F88629CBEA} = {827E0CD3-B72D-47B6-A68D-7590B98EB39B}
		{C76E4B9E-2126-40C1-B204-C00102FC6BCB} = {827E0CD3-B72D-47B6-A68D-7590B98EB39B}
		{1AF09A70-CACE-4F16-BD4A-0E3CB5EEE604} = {827E0CD3-B72D-47B6-A68D-7590B98EB39B}
		{DCB2A460-E4B7-4EE9-8623-D6729C73F26C} = {827E0CD3-B72D-47B6-A68D-7590B98EB39B}
	EndGlobalSection
EndGlobal
